// !$*UTF8*$!
{
	archiveVersion = 1;
	classes = {
	};
	objectVersion = 56;
	objects = {

/* Begin PBXBuildFile section */
		0A1564C82C99E5F3001854D4 /* Stock_Tracker_And_NewsApp.swift in Sources */ = {isa = PBXBuildFile; fileRef = 0A1564C72C99E5F3001854D4 /* Stock_Tracker_And_NewsApp.swift */; };
		0A1564CA2C99E5F3001854D4 /* ContentView.swift in Sources */ = {isa = PBXBuildFile; fileRef = 0A1564C92C99E5F3001854D4 /* ContentView.swift */; };
		0A1564CC2C99E5F5001854D4 /* Assets.xcassets in Resources */ = {isa = PBXBuildFile; fileRef = 0A1564CB2C99E5F5001854D4 /* Assets.xcassets */; };
		0A1564CF2C99E5F5001854D4 /* Preview Assets.xcassets in Resources */ = {isa = PBXBuildFile; fileRef = 0A1564CE2C99E5F5001854D4 /* Preview Assets.xcassets */; };
		0A1564D12C99E5F5001854D4 /* Persistence.swift in Sources */ = {isa = PBXBuildFile; fileRef = 0A1564D02C99E5F5001854D4 /* Persistence.swift */; };
		0A1564D42C99E5F5001854D4 /* Stock_Tracker_And_News.xcdatamodeld in Sources */ = {isa = PBXBuildFile; fileRef = 0A1564D22C99E5F5001854D4 /* Stock_Tracker_And_News.xcdatamodeld */; };
		0A1564DE2C99E5F5001854D4 /* Stock_Tracker_And_NewsTests.swift in Sources */ = {isa = PBXBuildFile; fileRef = 0A1564DD2C99E5F5001854D4 /* Stock_Tracker_And_NewsTests.swift */; };
		0A1564E82C99E5F5001854D4 /* Stock_Tracker_And_NewsUITests.swift in Sources */ = {isa = PBXBuildFile; fileRef = 0A1564E72C99E5F5001854D4 /* Stock_Tracker_And_NewsUITests.swift */; };
		0A1564EA2C99E5F5001854D4 /* Stock_Tracker_And_NewsUITestsLaunchTests.swift in Sources */ = {isa = PBXBuildFile; fileRef = 0A1564E92C99E5F5001854D4 /* Stock_Tracker_And_NewsUITestsLaunchTests.swift */; };
		0A1564F72C99EB19001854D4 /* StockViewModel.swift in Sources */ = {isa = PBXBuildFile; fileRef = 0A1564F62C99EB19001854D4 /* StockViewModel.swift */; };
		0A1564FB2C99EB34001854D4 /* StockService.swift in Sources */ = {isa = PBXBuildFile; fileRef = 0A1564FA2C99EB34001854D4 /* StockService.swift */; };
		0A1564FE2C99EB9B001854D4 /* StockModel.swift in Sources */ = {isa = PBXBuildFile; fileRef = 0A1564FD2C99EB9B001854D4 /* StockModel.swift */; };
		0A1565012C9A0FAD001854D4 /* SearchBar.swift in Sources */ = {isa = PBXBuildFile; fileRef = 0A1565002C9A0FAD001854D4 /* SearchBar.swift */; };
		0A1565032C9A1219001854D4 /* NewsView.swift in Sources */ = {isa = PBXBuildFile; fileRef = 0A1565022C9A1219001854D4 /* NewsView.swift */; };
		0A1565052C9A122B001854D4 /* NewsService.swift in Sources */ = {isa = PBXBuildFile; fileRef = 0A1565042C9A122B001854D4 /* NewsService.swift */; };
		0A1565072C9A12B2001854D4 /* NewsModel.swift in Sources */ = {isa = PBXBuildFile; fileRef = 0A1565062C9A12B2001854D4 /* NewsModel.swift */; };
		0A1565092C9A1333001854D4 /* NewsViewModel.swift in Sources */ = {isa = PBXBuildFile; fileRef = 0A1565082C9A1333001854D4 /* NewsViewModel.swift */; };
/* End PBXBuildFile section */

/* Begin PBXContainerItemProxy section */
		0A1564DA2C99E5F5001854D4 /* PBXContainerItemProxy */ = {
			isa = PBXContainerItemProxy;
			containerPortal = 0A1564BC2C99E5F3001854D4 /* Project object */;
			proxyType = 1;
			remoteGlobalIDString = 0A1564C32C99E5F3001854D4;
			remoteInfo = "Stock Tracker And News";
		};
		0A1564E42C99E5F5001854D4 /* PBXContainerItemProxy */ = {
			isa = PBXContainerItemProxy;
			containerPortal = 0A1564BC2C99E5F3001854D4 /* Project object */;
			proxyType = 1;
			remoteGlobalIDString = 0A1564C32C99E5F3001854D4;
			remoteInfo = "Stock Tracker And News";
		};
/* End PBXContainerItemProxy section */

/* Begin PBXFileReference section */
		0A1564C42C99E5F3001854D4 /* Stock Tracker And News.app */ = {isa = PBXFileReference; explicitFileType = wrapper.application; includeInIndex = 0; path = "Stock Tracker And News.app"; sourceTree = BUILT_PRODUCTS_DIR; };
		0A1564C72C99E5F3001854D4 /* Stock_Tracker_And_NewsApp.swift */ = {isa = PBXFileReference; lastKnownFileType = sourcecode.swift; path = Stock_Tracker_And_NewsApp.swift; sourceTree = "<group>"; };
		0A1564C92C99E5F3001854D4 /* ContentView.swift */ = {isa = PBXFileReference; lastKnownFileType = sourcecode.swift; path = ContentView.swift; sourceTree = "<group>"; };
		0A1564CB2C99E5F5001854D4 /* Assets.xcassets */ = {isa = PBXFileReference; lastKnownFileType = folder.assetcatalog; path = Assets.xcassets; sourceTree = "<group>"; };
		0A1564CE2C99E5F5001854D4 /* Preview Assets.xcassets */ = {isa = PBXFileReference; lastKnownFileType = folder.assetcatalog; path = "Preview Assets.xcassets"; sourceTree = "<group>"; };
		0A1564D02C99E5F5001854D4 /* Persistence.swift */ = {isa = PBXFileReference; lastKnownFileType = sourcecode.swift; path = Persistence.swift; sourceTree = "<group>"; };
		0A1564D32C99E5F5001854D4 /* Stock_Tracker_And_News.xcdatamodel */ = {isa = PBXFileReference; lastKnownFileType = wrapper.xcdatamodel; path = Stock_Tracker_And_News.xcdatamodel; sourceTree = "<group>"; };
		0A1564D92C99E5F5001854D4 /* Stock Tracker And NewsTests.xctest */ = {isa = PBXFileReference; explicitFileType = wrapper.cfbundle; includeInIndex = 0; path = "Stock Tracker And NewsTests.xctest"; sourceTree = BUILT_PRODUCTS_DIR; };
		0A1564DD2C99E5F5001854D4 /* Stock_Tracker_And_NewsTests.swift */ = {isa = PBXFileReference; lastKnownFileType = sourcecode.swift; path = Stock_Tracker_And_NewsTests.swift; sourceTree = "<group>"; };
		0A1564E32C99E5F5001854D4 /* Stock Tracker And NewsUITests.xctest */ = {isa = PBXFileReference; explicitFileType = wrapper.cfbundle; includeInIndex = 0; path = "Stock Tracker And NewsUITests.xctest"; sourceTree = BUILT_PRODUCTS_DIR; };
		0A1564E72C99E5F5001854D4 /* Stock_Tracker_And_NewsUITests.swift */ = {isa = PBXFileReference; lastKnownFileType = sourcecode.swift; path = Stock_Tracker_And_NewsUITests.swift; sourceTree = "<group>"; };
		0A1564E92C99E5F5001854D4 /* Stock_Tracker_And_NewsUITestsLaunchTests.swift */ = {isa = PBXFileReference; lastKnownFileType = sourcecode.swift; path = Stock_Tracker_And_NewsUITestsLaunchTests.swift; sourceTree = "<group>"; };
		0A1564F62C99EB19001854D4 /* StockViewModel.swift */ = {isa = PBXFileReference; lastKnownFileType = sourcecode.swift; path = StockViewModel.swift; sourceTree = "<group>"; };
		0A1564FA2C99EB34001854D4 /* StockService.swift */ = {isa = PBXFileReference; lastKnownFileType = sourcecode.swift; path = StockService.swift; sourceTree = "<group>"; };
		0A1564FD2C99EB9B001854D4 /* StockModel.swift */ = {isa = PBXFileReference; lastKnownFileType = sourcecode.swift; path = StockModel.swift; sourceTree = "<group>"; };
		0A1565002C9A0FAD001854D4 /* SearchBar.swift */ = {isa = PBXFileReference; lastKnownFileType = sourcecode.swift; path = SearchBar.swift; sourceTree = "<group>"; };
		0A1565022C9A1219001854D4 /* NewsView.swift */ = {isa = PBXFileReference; lastKnownFileType = sourcecode.swift; path = NewsView.swift; sourceTree = "<group>"; };
		0A1565042C9A122B001854D4 /* NewsService.swift */ = {isa = PBXFileReference; lastKnownFileType = sourcecode.swift; path = NewsService.swift; sourceTree = "<group>"; };
		0A1565062C9A12B2001854D4 /* NewsModel.swift */ = {isa = PBXFileReference; lastKnownFileType = sourcecode.swift; path = NewsModel.swift; sourceTree = "<group>"; };
		0A1565082C9A1333001854D4 /* NewsViewModel.swift */ = {isa = PBXFileReference; lastKnownFileType = sourcecode.swift; path = NewsViewModel.swift; sourceTree = "<group>"; };
/* End PBXFileReference section */

/* Begin PBXFrameworksBuildPhase section */
		0A1564C12C99E5F3001854D4 /* Frameworks */ = {
			isa = PBXFrameworksBuildPhase;
			buildActionMask = 2147483647;
			files = (
			);
			runOnlyForDeploymentPostprocessing = 0;
		};
		0A1564D62C99E5F5001854D4 /* Frameworks */ = {
			isa = PBXFrameworksBuildPhase;
			buildActionMask = 2147483647;
			files = (
			);
			runOnlyForDeploymentPostprocessing = 0;
		};
		0A1564E02C99E5F5001854D4 /* Frameworks */ = {
			isa = PBXFrameworksBuildPhase;
			buildActionMask = 2147483647;
			files = (
			);
			runOnlyForDeploymentPostprocessing = 0;
		};
/* End PBXFrameworksBuildPhase section */

/* Begin PBXGroup section */
		0A1564BB2C99E5F3001854D4 = {
			isa = PBXGroup;
			children = (
				0A1564C62C99E5F3001854D4 /* Stock Tracker And News */,
				0A1564DC2C99E5F5001854D4 /* Stock Tracker And NewsTests */,
				0A1564E62C99E5F5001854D4 /* Stock Tracker And NewsUITests */,
				0A1564C52C99E5F3001854D4 /* Products */,
			);
			sourceTree = "<group>";
		};
		0A1564C52C99E5F3001854D4 /* Products */ = {
			isa = PBXGroup;
			children = (
				0A1564C42C99E5F3001854D4 /* Stock Tracker And News.app */,
				0A1564D92C99E5F5001854D4 /* Stock Tracker And NewsTests.xctest */,
				0A1564E32C99E5F5001854D4 /* Stock Tracker And NewsUITests.xctest */,
			);
			name = Products;
			sourceTree = "<group>";
		};
		0A1564C62C99E5F3001854D4 /* Stock Tracker And News */ = {
			isa = PBXGroup;
			children = (
				0A1564F82C99EB1E001854D4 /* ViewModel */,
				0A1564FC2C99EB92001854D4 /* Model */,
				0A1564F92C99EB29001854D4 /* Service */,
				0A1564C72C99E5F3001854D4 /* Stock_Tracker_And_NewsApp.swift */,
				0A1564FF2C9A0FA3001854D4 /* Views */,
				0A1564CB2C99E5F5001854D4 /* Assets.xcassets */,
				0A1564D02C99E5F5001854D4 /* Persistence.swift */,
				0A1564D22C99E5F5001854D4 /* Stock_Tracker_And_News.xcdatamodeld */,
				0A1564CD2C99E5F5001854D4 /* Preview Content */,
			);
			path = "Stock Tracker And News";
			sourceTree = "<group>";
		};
		0A1564CD2C99E5F5001854D4 /* Preview Content */ = {
			isa = PBXGroup;
			children = (
				0A1564CE2C99E5F5001854D4 /* Preview Assets.xcassets */,
			);
			path = "Preview Content";
			sourceTree = "<group>";
		};
		0A1564DC2C99E5F5001854D4 /* Stock Tracker And NewsTests */ = {
			isa = PBXGroup;
			children = (
				0A1564DD2C99E5F5001854D4 /* Stock_Tracker_And_NewsTests.swift */,
			);
			path = "Stock Tracker And NewsTests";
			sourceTree = "<group>";
		};
		0A1564E62C99E5F5001854D4 /* Stock Tracker And NewsUITests */ = {
			isa = PBXGroup;
			children = (
				0A1564E72C99E5F5001854D4 /* Stock_Tracker_And_NewsUITests.swift */,
				0A1564E92C99E5F5001854D4 /* Stock_Tracker_And_NewsUITestsLaunchTests.swift */,
			);
			path = "Stock Tracker And NewsUITests";
			sourceTree = "<group>";
		};
		0A1564F82C99EB1E001854D4 /* ViewModel */ = {
			isa = PBXGroup;
			children = (
				0A1564F62C99EB19001854D4 /* StockViewModel.swift */,
				0A1565082C9A1333001854D4 /* NewsViewModel.swift */,
			);
			path = ViewModel;
			sourceTree = "<group>";
		};
		0A1564F92C99EB29001854D4 /* Service */ = {
			isa = PBXGroup;
			children = (
				0A1564FA2C99EB34001854D4 /* StockService.swift */,
				0A1565042C9A122B001854D4 /* NewsService.swift */,
			);
			path = Service;
			sourceTree = "<group>";
		};
		0A1564FC2C99EB92001854D4 /* Model */ = {
			isa = PBXGroup;
			children = (
				0A1564FD2C99EB9B001854D4 /* StockModel.swift */,
				0A1565062C9A12B2001854D4 /* NewsModel.swift */,
			);
			path = Model;
			sourceTree = "<group>";
		};
		0A1564FF2C9A0FA3001854D4 /* Views */ = {
			isa = PBXGroup;
			children = (
				0A1564C92C99E5F3001854D4 /* ContentView.swift */,
				0A1565002C9A0FAD001854D4 /* SearchBar.swift */,
				0A1565022C9A1219001854D4 /* NewsView.swift */,
			);
			path = Views;
			sourceTree = "<group>";
		};
/* End PBXGroup section */

/* Begin PBXNativeTarget section */
		0A1564C32C99E5F3001854D4 /* Stock Tracker And News */ = {
			isa = PBXNativeTarget;
			buildConfigurationList = 0A1564ED2C99E5F5001854D4 /* Build configuration list for PBXNativeTarget "Stock Tracker And News" */;
			buildPhases = (
				0A1564C02C99E5F3001854D4 /* Sources */,
				0A1564C12C99E5F3001854D4 /* Frameworks */,
				0A1564C22C99E5F3001854D4 /* Resources */,
			);
			buildRules = (
			);
			dependencies = (
			);
			name = "Stock Tracker And News";
			productName = "Stock Tracker And News";
			productReference = 0A1564C42C99E5F3001854D4 /* Stock Tracker And News.app */;
			productType = "com.apple.product-type.application";
		};
		0A1564D82C99E5F5001854D4 /* Stock Tracker And NewsTests */ = {
			isa = PBXNativeTarget;
			buildConfigurationList = 0A1564F02C99E5F5001854D4 /* Build configuration list for PBXNativeTarget "Stock Tracker And NewsTests" */;
			buildPhases = (
				0A1564D52C99E5F5001854D4 /* Sources */,
				0A1564D62C99E5F5001854D4 /* Frameworks */,
				0A1564D72C99E5F5001854D4 /* Resources */,
			);
			buildRules = (
			);
			dependencies = (
				0A1564DB2C99E5F5001854D4 /* PBXTargetDependency */,
			);
			name = "Stock Tracker And NewsTests";
			productName = "Stock Tracker And NewsTests";
			productReference = 0A1564D92C99E5F5001854D4 /* Stock Tracker And NewsTests.xctest */;
			productType = "com.apple.product-type.bundle.unit-test";
		};
		0A1564E22C99E5F5001854D4 /* Stock Tracker And NewsUITests */ = {
			isa = PBXNativeTarget;
			buildConfigurationList = 0A1564F32C99E5F5001854D4 /* Build configuration list for PBXNativeTarget "Stock Tracker And NewsUITests" */;
			buildPhases = (
				0A1564DF2C99E5F5001854D4 /* Sources */,
				0A1564E02C99E5F5001854D4 /* Frameworks */,
				0A1564E12C99E5F5001854D4 /* Resources */,
			);
			buildRules = (
			);
			dependencies = (
				0A1564E52C99E5F5001854D4 /* PBXTargetDependency */,
			);
			name = "Stock Tracker And NewsUITests";
			productName = "Stock Tracker And NewsUITests";
			productReference = 0A1564E32C99E5F5001854D4 /* Stock Tracker And NewsUITests.xctest */;
			productType = "com.apple.product-type.bundle.ui-testing";
		};
/* End PBXNativeTarget section */

/* Begin PBXProject section */
		0A1564BC2C99E5F3001854D4 /* Project object */ = {
			isa = PBXProject;
			attributes = {
				BuildIndependentTargetsInParallel = 1;
				LastSwiftUpdateCheck = 1540;
				LastUpgradeCheck = 1540;
				TargetAttributes = {
					0A1564C32C99E5F3001854D4 = {
						CreatedOnToolsVersion = 15.4;
					};
					0A1564D82C99E5F5001854D4 = {
						CreatedOnToolsVersion = 15.4;
						TestTargetID = 0A1564C32C99E5F3001854D4;
					};
					0A1564E22C99E5F5001854D4 = {
						CreatedOnToolsVersion = 15.4;
						TestTargetID = 0A1564C32C99E5F3001854D4;
					};
				};
			};
			buildConfigurationList = 0A1564BF2C99E5F3001854D4 /* Build configuration list for PBXProject "Stock Tracker And News" */;
			compatibilityVersion = "Xcode 14.0";
			developmentRegion = en;
			hasScannedForEncodings = 0;
			knownRegions = (
				en,
				Base,
			);
			mainGroup = 0A1564BB2C99E5F3001854D4;
			productRefGroup = 0A1564C52C99E5F3001854D4 /* Products */;
			projectDirPath = "";
			projectRoot = "";
			targets = (
				0A1564C32C99E5F3001854D4 /* Stock Tracker And News */,
				0A1564D82C99E5F5001854D4 /* Stock Tracker And NewsTests */,
				0A1564E22C99E5F5001854D4 /* Stock Tracker And NewsUITests */,
			);
		};
/* End PBXProject section */

/* Begin PBXResourcesBuildPhase section */
		0A1564C22C99E5F3001854D4 /* Resources */ = {
			isa = PBXResourcesBuildPhase;
			buildActionMask = 2147483647;
			files = (
				0A1564CF2C99E5F5001854D4 /* Preview Assets.xcassets in Resources */,
				0A1564CC2C99E5F5001854D4 /* Assets.xcassets in Resources */,
			);
			runOnlyForDeploymentPostprocessing = 0;
		};
		0A1564D72C99E5F5001854D4 /* Resources */ = {
			isa = PBXResourcesBuildPhase;
			buildActionMask = 2147483647;
			files = (
			);
			runOnlyForDeploymentPostprocessing = 0;
		};
		0A1564E12C99E5F5001854D4 /* Resources */ = {
			isa = PBXResourcesBuildPhase;
			buildActionMask = 2147483647;
			files = (
			);
			runOnlyForDeploymentPostprocessing = 0;
		};
/* End PBXResourcesBuildPhase section */

/* Begin PBXSourcesBuildPhase section */
		0A1564C02C99E5F3001854D4 /* Sources */ = {
			isa = PBXSourcesBuildPhase;
			buildActionMask = 2147483647;
			files = (
				0A1565052C9A122B001854D4 /* NewsService.swift in Sources */,
				0A1564D42C99E5F5001854D4 /* Stock_Tracker_And_News.xcdatamodeld in Sources */,
				0A1564F72C99EB19001854D4 /* StockViewModel.swift in Sources */,
				0A1564FE2C99EB9B001854D4 /* StockModel.swift in Sources */,
				0A1565032C9A1219001854D4 /* NewsView.swift in Sources */,
				0A1564D12C99E5F5001854D4 /* Persistence.swift in Sources */,
				0A1565072C9A12B2001854D4 /* NewsModel.swift in Sources */,
				0A1565092C9A1333001854D4 /* NewsViewModel.swift in Sources */,
				0A1564CA2C99E5F3001854D4 /* ContentView.swift in Sources */,
				0A1565012C9A0FAD001854D4 /* SearchBar.swift in Sources */,
				0A1564FB2C99EB34001854D4 /* StockService.swift in Sources */,
				0A1564C82C99E5F3001854D4 /* Stock_Tracker_And_NewsApp.swift in Sources */,
			);
			runOnlyForDeploymentPostprocessing = 0;
		};
		0A1564D52C99E5F5001854D4 /* Sources */ = {
			isa = PBXSourcesBuildPhase;
			buildActionMask = 2147483647;
			files = (
				0A1564DE2C99E5F5001854D4 /* Stock_Tracker_And_NewsTests.swift in Sources */,
			);
			runOnlyForDeploymentPostprocessing = 0;
		};
		0A1564DF2C99E5F5001854D4 /* Sources */ = {
			isa = PBXSourcesBuildPhase;
			buildActionMask = 2147483647;
			files = (
				0A1564E82C99E5F5001854D4 /* Stock_Tracker_And_NewsUITests.swift in Sources */,
				0A1564EA2C99E5F5001854D4 /* Stock_Tracker_And_NewsUITestsLaunchTests.swift in Sources */,
			);
			runOnlyForDeploymentPostprocessing = 0;
		};
/* End PBXSourcesBuildPhase section */

/* Begin PBXTargetDependency section */
		0A1564DB2C99E5F5001854D4 /* PBXTargetDependency */ = {
			isa = PBXTargetDependency;
			target = 0A1564C32C99E5F3001854D4 /* Stock Tracker And News */;
			targetProxy = 0A1564DA2C99E5F5001854D4 /* PBXContainerItemProxy */;
		};
		0A1564E52C99E5F5001854D4 /* PBXTargetDependency */ = {
			isa = PBXTargetDependency;
			target = 0A1564C32C99E5F3001854D4 /* Stock Tracker And News */;
			targetProxy = 0A1564E42C99E5F5001854D4 /* PBXContainerItemProxy */;
		};
/* End PBXTargetDependency section */

/* Begin XCBuildConfiguration section */
		0A1564EB2C99E5F5001854D4 /* Debug */ = {
			isa = XCBuildConfiguration;
			buildSettings = {
				ALWAYS_SEARCH_USER_PATHS = NO;
				ASSETCATALOG_COMPILER_GENERATE_SWIFT_ASSET_SYMBOL_EXTENSIONS = YES;
				CLANG_ANALYZER_NONNULL = YES;
				CLANG_ANALYZER_NUMBER_OBJECT_CONVERSION = YES_AGGRESSIVE;
				CLANG_CXX_LANGUAGE_STANDARD = "gnu++20";
				CLANG_ENABLE_MODULES = YES;
				CLANG_ENABLE_OBJC_ARC = YES;
				CLANG_ENABLE_OBJC_WEAK = YES;
				CLANG_WARN_BLOCK_CAPTURE_AUTORELEASING = YES;
				CLANG_WARN_BOOL_CONVERSION = YES;
				CLANG_WARN_COMMA = YES;
				CLANG_WARN_CONSTANT_CONVERSION = YES;
				CLANG_WARN_DEPRECATED_OBJC_IMPLEMENTATIONS = YES;
				CLANG_WARN_DIRECT_OBJC_ISA_USAGE = YES_ERROR;
				CLANG_WARN_DOCUMENTATION_COMMENTS = YES;
				CLANG_WARN_EMPTY_BODY = YES;
				CLANG_WARN_ENUM_CONVERSION = YES;
				CLANG_WARN_INFINITE_RECURSION = YES;
				CLANG_WARN_INT_CONVERSION = YES;
				CLANG_WARN_NON_LITERAL_NULL_CONVERSION = YES;
				CLANG_WARN_OBJC_IMPLICIT_RETAIN_SELF = YES;
				CLANG_WARN_OBJC_LITERAL_CONVERSION = YES;
				CLANG_WARN_OBJC_ROOT_CLASS = YES_ERROR;
				CLANG_WARN_QUOTED_INCLUDE_IN_FRAMEWORK_HEADER = YES;
				CLANG_WARN_RANGE_LOOP_ANALYSIS = YES;
				CLANG_WARN_STRICT_PROTOTYPES = YES;
				CLANG_WARN_SUSPICIOUS_MOVE = YES;
				CLANG_WARN_UNGUARDED_AVAILABILITY = YES_AGGRESSIVE;
				CLANG_WARN_UNREACHABLE_CODE = YES;
				CLANG_WARN__DUPLICATE_METHOD_MATCH = YES;
				COPY_PHASE_STRIP = NO;
				DEBUG_INFORMATION_FORMAT = dwarf;
				ENABLE_STRICT_OBJC_MSGSEND = YES;
				ENABLE_TESTABILITY = YES;
				ENABLE_USER_SCRIPT_SANDBOXING = YES;
				GCC_C_LANGUAGE_STANDARD = gnu17;
				GCC_DYNAMIC_NO_PIC = NO;
				GCC_NO_COMMON_BLOCKS = YES;
				GCC_OPTIMIZATION_LEVEL = 0;
				GCC_PREPROCESSOR_DEFINITIONS = (
					"DEBUG=1",
					"$(inherited)",
				);
				GCC_WARN_64_TO_32_BIT_CONVERSION = YES;
				GCC_WARN_ABOUT_RETURN_TYPE = YES_ERROR;
				GCC_WARN_UNDECLARED_SELECTOR = YES;
				GCC_WARN_UNINITIALIZED_AUTOS = YES_AGGRESSIVE;
				GCC_WARN_UNUSED_FUNCTION = YES;
				GCC_WARN_UNUSED_VARIABLE = YES;
				IPHONEOS_DEPLOYMENT_TARGET = 17.5;
				LOCALIZATION_PREFERS_STRING_CATALOGS = YES;
				MTL_ENABLE_DEBUG_INFO = INCLUDE_SOURCE;
				MTL_FAST_MATH = YES;
				ONLY_ACTIVE_ARCH = YES;
				SDKROOT = iphoneos;
				SWIFT_ACTIVE_COMPILATION_CONDITIONS = "DEBUG $(inherited)";
				SWIFT_OPTIMIZATION_LEVEL = "-Onone";
			};
			name = Debug;
		};
		0A1564EC2C99E5F5001854D4 /* Release */ = {
			isa = XCBuildConfiguration;
			buildSettings = {
				ALWAYS_SEARCH_USER_PATHS = NO;
				ASSETCATALOG_COMPILER_GENERATE_SWIFT_ASSET_SYMBOL_EXTENSIONS = YES;
				CLANG_ANALYZER_NONNULL = YES;
				CLANG_ANALYZER_NUMBER_OBJECT_CONVERSION = YES_AGGRESSIVE;
				CLANG_CXX_LANGUAGE_STANDARD = "gnu++20";
				CLANG_ENABLE_MODULES = YES;
				CLANG_ENABLE_OBJC_ARC = YES;
				CLANG_ENABLE_OBJC_WEAK = YES;
				CLANG_WARN_BLOCK_CAPTURE_AUTORELEASING = YES;
				CLANG_WARN_BOOL_CONVERSION = YES;
				CLANG_WARN_COMMA = YES;
				CLANG_WARN_CONSTANT_CONVERSION = YES;
				CLANG_WARN_DEPRECATED_OBJC_IMPLEMENTATIONS = YES;
				CLANG_WARN_DIRECT_OBJC_ISA_USAGE = YES_ERROR;
				CLANG_WARN_DOCUMENTATION_COMMENTS = YES;
				CLANG_WARN_EMPTY_BODY = YES;
				CLANG_WARN_ENUM_CONVERSION = YES;
				CLANG_WARN_INFINITE_RECURSION = YES;
				CLANG_WARN_INT_CONVERSION = YES;
				CLANG_WARN_NON_LITERAL_NULL_CONVERSION = YES;
				CLANG_WARN_OBJC_IMPLICIT_RETAIN_SELF = YES;
				CLANG_WARN_OBJC_LITERAL_CONVERSION = YES;
				CLANG_WARN_OBJC_ROOT_CLASS = YES_ERROR;
				CLANG_WARN_QUOTED_INCLUDE_IN_FRAMEWORK_HEADER = YES;
				CLANG_WARN_RANGE_LOOP_ANALYSIS = YES;
				CLANG_WARN_STRICT_PROTOTYPES = YES;
				CLANG_WARN_SUSPICIOUS_MOVE = YES;
				CLANG_WARN_UNGUARDED_AVAILABILITY = YES_AGGRESSIVE;
				CLANG_WARN_UNREACHABLE_CODE = YES;
				CLANG_WARN__DUPLICATE_METHOD_MATCH = YES;
				COPY_PHASE_STRIP = NO;
				DEBUG_INFORMATION_FORMAT = "dwarf-with-dsym";
				ENABLE_NS_ASSERTIONS = NO;
				ENABLE_STRICT_OBJC_MSGSEND = YES;
				ENABLE_USER_SCRIPT_SANDBOXING = YES;
				GCC_C_LANGUAGE_STANDARD = gnu17;
				GCC_NO_COMMON_BLOCKS = YES;
				GCC_WARN_64_TO_32_BIT_CONVERSION = YES;
				GCC_WARN_ABOUT_RETURN_TYPE = YES_ERROR;
				GCC_WARN_UNDECLARED_SELECTOR = YES;
				GCC_WARN_UNINITIALIZED_AUTOS = YES_AGGRESSIVE;
				GCC_WARN_UNUSED_FUNCTION = YES;
				GCC_WARN_UNUSED_VARIABLE = YES;
				IPHONEOS_DEPLOYMENT_TARGET = 17.5;
				LOCALIZATION_PREFERS_STRING_CATALOGS = YES;
				MTL_ENABLE_DEBUG_INFO = NO;
				MTL_FAST_MATH = YES;
				SDKROOT = iphoneos;
				SWIFT_COMPILATION_MODE = wholemodule;
				VALIDATE_PRODUCT = YES;
			};
			name = Release;
		};
		0A1564EE2C99E5F5001854D4 /* Debug */ = {
			isa = XCBuildConfiguration;
			buildSettings = {
				ASSETCATALOG_COMPILER_APPICON_NAME = AppIcon;
				ASSETCATALOG_COMPILER_GLOBAL_ACCENT_COLOR_NAME = AccentColor;
				CODE_SIGN_STYLE = Automatic;
				CURRENT_PROJECT_VERSION = 1;
				DEVELOPMENT_ASSET_PATHS = "\"Stock Tracker And News/Preview Content\"";
				DEVELOPMENT_TEAM = 276TT98E76;
				ENABLE_PREVIEWS = YES;
				GENERATE_INFOPLIST_FILE = YES;
				INFOPLIST_KEY_UIApplicationSceneManifest_Generation = YES;
				INFOPLIST_KEY_UIApplicationSupportsIndirectInputEvents = YES;
				INFOPLIST_KEY_UILaunchScreen_Generation = YES;
				INFOPLIST_KEY_UISupportedInterfaceOrientations_iPad = "UIInterfaceOrientationPortrait UIInterfaceOrientationPortraitUpsideDown UIInterfaceOrientationLandscapeLeft UIInterfaceOrientationLandscapeRight";
				INFOPLIST_KEY_UISupportedInterfaceOrientations_iPhone = "UIInterfaceOrientationPortrait UIInterfaceOrientationLandscapeLeft UIInterfaceOrientationLandscapeRight";
				LD_RUNPATH_SEARCH_PATHS = (
					"$(inherited)",
					"@executable_path/Frameworks",
				);
				MARKETING_VERSION = 1.0;
				PRODUCT_BUNDLE_IDENTIFIER = "com.sushant.stocktrackerandnews.Stock-Tracker-And-News";
				PRODUCT_NAME = "$(TARGET_NAME)";
				SWIFT_EMIT_LOC_STRINGS = YES;
				SWIFT_VERSION = 5.0;
				TARGETED_DEVICE_FAMILY = "1,2";
			};
			name = Debug;
		};
		0A1564EF2C99E5F5001854D4 /* Release */ = {
			isa = XCBuildConfiguration;
			buildSettings = {
				ASSETCATALOG_COMPILER_APPICON_NAME = AppIcon;
				ASSETCATALOG_COMPILER_GLOBAL_ACCENT_COLOR_NAME = AccentColor;
				CODE_SIGN_STYLE = Automatic;
				CURRENT_PROJECT_VERSION = 1;
				DEVELOPMENT_ASSET_PATHS = "\"Stock Tracker And News/Preview Content\"";
				DEVELOPMENT_TEAM = 276TT98E76;
				ENABLE_PREVIEWS = YES;
				GENERATE_INFOPLIST_FILE = YES;
				INFOPLIST_KEY_UIApplicationSceneManifest_Generation = YES;
				INFOPLIST_KEY_UIApplicationSupportsIndirectInputEvents = YES;
				INFOPLIST_KEY_UILaunchScreen_Generation = YES;
				INFOPLIST_KEY_UISupportedInterfaceOrientations_iPad = "UIInterfaceOrientationPortrait UIInterfaceOrientationPortraitUpsideDown UIInterfaceOrientationLandscapeLeft UIInterfaceOrientationLandscapeRight";
				INFOPLIST_KEY_UISupportedInterfaceOrientations_iPhone = "UIInterfaceOrientationPortrait UIInterfaceOrientationLandscapeLeft UIInterfaceOrientationLandscapeRight";
				LD_RUNPATH_SEARCH_PATHS = (
					"$(inherited)",
					"@executable_path/Frameworks",
				);
				MARKETING_VERSION = 1.0;
				PRODUCT_BUNDLE_IDENTIFIER = "com.sushant.stocktrackerandnews.Stock-Tracker-And-News";
				PRODUCT_NAME = "$(TARGET_NAME)";
				SWIFT_EMIT_LOC_STRINGS = YES;
				SWIFT_VERSION = 5.0;
				TARGETED_DEVICE_FAMILY = "1,2";
			};
			name = Release;
		};
		0A1564F12C99E5F5001854D4 /* Debug */ = {
			isa = XCBuildConfiguration;
			buildSettings = {
				ALWAYS_EMBED_SWIFT_STANDARD_LIBRARIES = YES;
				BUNDLE_LOADER = "$(TEST_HOST)";
				CODE_SIGN_STYLE = Automatic;
				CURRENT_PROJECT_VERSION = 1;
				DEVELOPMENT_TEAM = 276TT98E76;
				GENERATE_INFOPLIST_FILE = YES;
				IPHONEOS_DEPLOYMENT_TARGET = 17.5;
				MARKETING_VERSION = 1.0;
				PRODUCT_BUNDLE_IDENTIFIER = "com.sushant.stocktrackerandnews.Stock-Tracker-And-NewsTests";
				PRODUCT_NAME = "$(TARGET_NAME)";
				SWIFT_EMIT_LOC_STRINGS = NO;
				SWIFT_VERSION = 5.0;
				TARGETED_DEVICE_FAMILY = "1,2";
				TEST_HOST = "$(BUILT_PRODUCTS_DIR)/Stock Tracker And News.app/$(BUNDLE_EXECUTABLE_FOLDER_PATH)/Stock Tracker And News";
			};
			name = Debug;
		};
		0A1564F22C99E5F5001854D4 /* Release */ = {
			isa = XCBuildConfiguration;
			buildSettings = {
				ALWAYS_EMBED_SWIFT_STANDARD_LIBRARIES = YES;
				BUNDLE_LOADER = "$(TEST_HOST)";
				CODE_SIGN_STYLE = Automatic;
				CURRENT_PROJECT_VERSION = 1;
				DEVELOPMENT_TEAM = 276TT98E76;
				GENERATE_INFOPLIST_FILE = YES;
				IPHONEOS_DEPLOYMENT_TARGET = 17.5;
				MARKETING_VERSION = 1.0;
				PRODUCT_BUNDLE_IDENTIFIER = "com.sushant.stocktrackerandnews.Stock-Tracker-And-NewsTests";
				PRODUCT_NAME = "$(TARGET_NAME)";
				SWIFT_EMIT_LOC_STRINGS = NO;
				SWIFT_VERSION = 5.0;
				TARGETED_DEVICE_FAMILY = "1,2";
				TEST_HOST = "$(BUILT_PRODUCTS_DIR)/Stock Tracker And News.app/$(BUNDLE_EXECUTABLE_FOLDER_PATH)/Stock Tracker And News";
			};
			name = Release;
		};
		0A1564F42C99E5F5001854D4 /* Debug */ = {
			isa = XCBuildConfiguration;
			buildSettings = {
				ALWAYS_EMBED_SWIFT_STANDARD_LIBRARIES = YES;
				CODE_SIGN_STYLE = Automatic;
				CURRENT_PROJECT_VERSION = 1;
				DEVELOPMENT_TEAM = 276TT98E76;
				GENERATE_INFOPLIST_FILE = YES;
				MARKETING_VERSION = 1.0;
				PRODUCT_BUNDLE_IDENTIFIER = "com.sushant.stocktrackerandnews.Stock-Tracker-And-NewsUITests";
				PRODUCT_NAME = "$(TARGET_NAME)";
				SWIFT_EMIT_LOC_STRINGS = NO;
				SWIFT_VERSION = 5.0;
				TARGETED_DEVICE_FAMILY = "1,2";
				TEST_TARGET_NAME = "Stock Tracker And News";
			};
			name = Debug;
		};
		0A1564F52C99E5F5001854D4 /* Release */ = {
			isa = XCBuildConfiguration;
			buildSettings = {
				ALWAYS_EMBED_SWIFT_STANDARD_LIBRARIES = YES;
				CODE_SIGN_STYLE = Automatic;
				CURRENT_PROJECT_VERSION = 1;
				DEVELOPMENT_TEAM = 276TT98E76;
				GENERATE_INFOPLIST_FILE = YES;
				MARKETING_VERSION = 1.0;
				PRODUCT_BUNDLE_IDENTIFIER = "com.sushant.stocktrackerandnews.Stock-Tracker-And-NewsUITests";
				PRODUCT_NAME = "$(TARGET_NAME)";
				SWIFT_EMIT_LOC_STRINGS = NO;
				SWIFT_VERSION = 5.0;
				TARGETED_DEVICE_FAMILY = "1,2";
				TEST_TARGET_NAME = "Stock Tracker And News";
			};
			name = Release;
		};
/* End XCBuildConfiguration section */

/* Begin XCConfigurationList section */
		0A1564BF2C99E5F3001854D4 /* Build configuration list for PBXProject "Stock Tracker And News" */ = {
			isa = XCConfigurationList;
			buildConfigurations = (
				0A1564EB2C99E5F5001854D4 /* Debug */,
				0A1564EC2C99E5F5001854D4 /* Release */,
			);
			defaultConfigurationIsVisible = 0;
			defaultConfigurationName = Release;
		};
		0A1564ED2C99E5F5001854D4 /* Build configuration list for PBXNativeTarget "Stock Tracker And News" */ = {
			isa = XCConfigurationList;
			buildConfigurations = (
				0A1564EE2C99E5F5001854D4 /* Debug */,
				0A1564EF2C99E5F5001854D4 /* Release */,
			);
			defaultConfigurationIsVisible = 0;
			defaultConfigurationName = Release;
		};
		0A1564F02C99E5F5001854D4 /* Build configuration list for PBXNativeTarget "Stock Tracker And NewsTests" */ = {
			isa = XCConfigurationList;
			buildConfigurations = (
				0A1564F12C99E5F5001854D4 /* Debug */,
				0A1564F22C99E5F5001854D4 /* Release */,
			);
			defaultConfigurationIsVisible = 0;
			defaultConfigurationName = Release;
		};
		0A1564F32C99E5F5001854D4 /* Build configuration list for PBXNativeTarget "Stock Tracker And NewsUITests" */ = {
			isa = XCConfigurationList;
			buildConfigurations = (
				0A1564F42C99E5F5001854D4 /* Debug */,
				0A1564F52C99E5F5001854D4 /* Release */,
			);
			defaultConfigurationIsVisible = 0;
			defaultConfigurationName = Release;
		};
/* End XCConfigurationList section */

/* Begin XCVersionGroup section */
		0A1564D22C99E5F5001854D4 /* Stock_Tracker_And_News.xcdatamodeld */ = {
			isa = XCVersionGroup;
			children = (
				0A1564D32C99E5F5001854D4 /* Stock_Tracker_And_News.xcdatamodel */,
			);
			currentVersion = 0A1564D32C99E5F5001854D4 /* Stock_Tracker_And_News.xcdatamodel */;
			path = Stock_Tracker_And_News.xcdatamodeld;
			sourceTree = "<group>";
			versionGroupType = wrapper.xcdatamodel;
		};
/* End XCVersionGroup section */
	};
	rootObject = 0A1564BC2C99E5F3001854D4 /* Project object */;
}
